
Microsoft Visual Studio Solution File, Format Version 12.00
# Visual Studio Version 17
VisualStudioVersion = 17.0.32112.339
MinimumVisualStudioVersion = 10.0.40219.1
Project("{FAE04EC0-301F-11D3-BF4B-00C04F79EFBC}") = "clase13042024", "clase13042024\clase13042024.csproj", "{EB81663C-F802-44E7-B1A4-ADA67DB03B84}"
EndProject
Global
	GlobalSection(SolutionConfigurationPlatforms) = preSolution
		Debug|Any CPU = Debug|Any CPU
		Release|Any CPU = Release|Any CPU
	EndGlobalSection
	GlobalSection(ProjectConfigurationPlatforms) = postSolution
		{EB81663C-F802-44E7-B1A4-ADA67DB03B84}.Debug|Any CPU.ActiveCfg = Debug|Any CPU
		{EB81663C-F802-44E7-B1A4-ADA67DB03B84}.Debug|Any CPU.Build.0 = Debug|Any CPU
		{EB81663C-F802-44E7-B1A4-ADA67DB03B84}.Release|Any CPU.ActiveCfg = Release|Any CPU
		{EB81663C-F802-44E7-B1A4-ADA67DB03B84}.Release|Any CPU.Build.0 = Release|Any CPU
	EndGlobalSection
	GlobalSection(SolutionProperties) = preSolution
		HideSolutionNode = FALSE
	EndGlobalSection
	GlobalSection(ExtensibilityGlobals) = postSolution
		SolutionGuid = {9E6D1687-37C2-4D34-9F85-E9DB3FE83908}
	EndGlobalSection
EndGlobal
